
Microsoft Visual Studio Solution File, Format Version 12.00
# Visual Studio 2012
Project("{FAE04EC0-301F-11D3-BF4B-00C04F79EFBC}") = "RandomNumber", "RandomNumber\RandomNumber.csproj", "{9CC5FFEF-0E29-444C-9708-49AC9A5DECE0}"
EndProject
Project("{FAE04EC0-301F-11D3-BF4B-00C04F79EFBC}") = "Hashing", "Hashing\Hashing.csproj", "{B36B052B-3B3B-430A-B905-B569895EE194}"
EndProject
Project("{FAE04EC0-301F-11D3-BF4B-00C04F79EFBC}") = "HMAC", "HMAC\HMAC.csproj", "{43707132-9F94-40B4-A246-A1B73164907C}"
EndProject
Project("{FAE04EC0-301F-11D3-BF4B-00C04F79EFBC}") = "HashPassword", "HashPassword\HashPassword.csproj", "{1FB27F9D-850C-4B78-84CF-8A33C8BA421C}"
EndProject
Project("{FAE04EC0-301F-11D3-BF4B-00C04F79EFBC}") = "PBKDF2", "PBKDF2\PBKDF2.csproj", "{F0501287-D2C6-46BF-969D-507A7B8022D4}"
EndProject
Project("{2150E333-8FDC-42A3-9474-1A3956D46DE8}") = "Chapter 03 - Random Numbers", "Chapter 03 - Random Numbers", "{B45B3315-8CFB-41F0-B8EE-8F9AE7274C80}"
EndProject
Project("{2150E333-8FDC-42A3-9474-1A3956D46DE8}") = "Chapter 04 - Hashing", "Chapter 04 - Hashing", "{473583FF-2534-44CB-860E-958456FADDBF}"
EndProject
Project("{2150E333-8FDC-42A3-9474-1A3956D46DE8}") = "Chapter 06 - Symmetric Encryption", "Chapter 06 - Symmetric Encryption", "{C466F6EA-3992-4BA7-9D0D-C26415DD6384}"
EndProject
Project("{2150E333-8FDC-42A3-9474-1A3956D46DE8}") = "Chapter 08 - Digital Signatures", "Chapter 08 - Digital Signatures", "{2B54F712-87D5-4C62-8E4D-E50FFBE9D4B8}"
EndProject
Project("{2150E333-8FDC-42A3-9474-1A3956D46DE8}") = "Chapter 09 - Hybrid Encryption", "Chapter 09 - Hybrid Encryption", "{D0A5F757-2764-4D39-BD9F-B3406DC80058}"
EndProject
Project("{FAE04EC0-301F-11D3-BF4B-00C04F79EFBC}") = "AES", "AES\AES.csproj", "{7ED0352A-F470-4415-A24A-318A60ABC43E}"
EndProject
Project("{FAE04EC0-301F-11D3-BF4B-00C04F79EFBC}") = "DES", "DES\DES.csproj", "{C7BDD6EF-FC39-4D2E-84BC-1B812D21F14E}"
EndProject
Project("{FAE04EC0-301F-11D3-BF4B-00C04F79EFBC}") = "TripleDES", "TripleDES\TripleDES.csproj", "{7B9F7EC4-AB36-4F2E-AF30-A7CB3251BCB6}"
EndProject
Project("{FAE04EC0-301F-11D3-BF4B-00C04F79EFBC}") = "RSA", "RSA\RSA.csproj", "{E66ACF6F-11E0-4628-A126-F4440C54B291}"
EndProject
Project("{FAE04EC0-301F-11D3-BF4B-00C04F79EFBC}") = "DigitalSignature", "DigitalSignature\DigitalSignature.csproj", "{9040999A-3831-48E2-91E3-0311F024A4C6}"
EndProject
Project("{FAE04EC0-301F-11D3-BF4B-00C04F79EFBC}") = "Hybrid", "Hybrid\Hybrid.csproj", "{C26569B5-024E-4325-B02D-9F1E228D2AC9}"
EndProject
Project("{FAE04EC0-301F-11D3-BF4B-00C04F79EFBC}") = "HybridWithIntegrity", "HybridWithIntegrity\HybridWithIntegrity.csproj", "{17E2CC11-01AC-4588-B87C-AF03B0F267CF}"
EndProject
Project("{FAE04EC0-301F-11D3-BF4B-00C04F79EFBC}") = "HybridWithIntegrityAndSignature", "HybridWithIntegrityAndSignature\HybridWithIntegrityAndSignature.csproj", "{33E6FCC9-42C2-4792-BBEE-8C58F15B3EA0}"
EndProject
Project("{2150E333-8FDC-42A3-9474-1A3956D46DE8}") = "Chapter 11 - Azure Key Vault Patterns", "Chapter 11 - Azure Key Vault Patterns", "{5FAF2A4E-6626-4C30-8D7E-71EFC6632D9D}"
EndProject
Project("{FAE04EC0-301F-11D3-BF4B-00C04F79EFBC}") = "KeyWrapping", "KV_KeyWrapping\KeyWrapping.csproj", "{A76D0341-9530-42EC-ACC2-721B786AF4FA}"
EndProject
Project("{FAE04EC0-301F-11D3-BF4B-00C04F79EFBC}") = "PasswordProtection", "KV_PasswordProtection\PasswordProtection.csproj", "{5747289E-8CA2-4B5A-9B99-5F691C2E1C6B}"
EndProject
Project("{FAE04EC0-301F-11D3-BF4B-00C04F79EFBC}") = "Secrets", "KV_Secrets\Secrets.csproj", "{61274003-C8B7-4677-B11D-2641CD2BC428}"
EndProject
Project("{FAE04EC0-301F-11D3-BF4B-00C04F79EFBC}") = "SimpleEncryptDecrypt", "KV_SimpleEncryptDecrypt\SimpleEncryptDecrypt.csproj", "{E69D3031-B38B-4C33-9850-205BE1142813}"
EndProject
Project("{FAE04EC0-301F-11D3-BF4B-00C04F79EFBC}") = "DigitalSignatures", "KV_DigitalSignatures\DigitalSignatures.csproj", "{4AF7E00F-81C3-46D8-9C36-5B1BA547AAEE}"
EndProject
Project("{FAE04EC0-301F-11D3-BF4B-00C04F79EFBC}") = "HybridWithIntegrityAndSignature", "KV_HybridWithIntegrityAndSignature\HybridWithIntegrityAndSignature.csproj", "{8106BA10-7AF7-4D8D-A495-888F4539399B}"
EndProject
Project("{2150E333-8FDC-42A3-9474-1A3956D46DE8}") = "Chapter 05 - Hashing Passwords", "Chapter 05 - Hashing Passwords", "{D8E442A4-91A7-48BD-9200-6B396880367F}"
EndProject
Project("{2150E333-8FDC-42A3-9474-1A3956D46DE8}") = "Chapter 07 - Asymmetric Encryption", "Chapter 07 - Asymmetric Encryption", "{7E621F39-9E01-441B-A7CA-D7EF40F01962}"
EndProject
Project("{2150E333-8FDC-42A3-9474-1A3956D46DE8}") = "Chapter 10 - Azure Key Vault", "Chapter 10 - Azure Key Vault", "{4561FB71-78B1-4023-AA24-24F2F3471124}"
EndProject
Global
	GlobalSection(SolutionConfigurationPlatforms) = preSolution
		Debug|Any CPU = Debug|Any CPU
		Release|Any CPU = Release|Any CPU
	EndGlobalSection
	GlobalSection(ProjectConfigurationPlatforms) = postSolution
		{9CC5FFEF-0E29-444C-9708-49AC9A5DECE0}.Debug|Any CPU.ActiveCfg = Debug|Any CPU
		{9CC5FFEF-0E29-444C-9708-49AC9A5DECE0}.Debug|Any CPU.Build.0 = Debug|Any CPU
		{9CC5FFEF-0E29-444C-9708-49AC9A5DECE0}.Release|Any CPU.ActiveCfg = Release|Any CPU
		{9CC5FFEF-0E29-444C-9708-49AC9A5DECE0}.Release|Any CPU.Build.0 = Release|Any CPU
		{B36B052B-3B3B-430A-B905-B569895EE194}.Debug|Any CPU.ActiveCfg = Debug|Any CPU
		{B36B052B-3B3B-430A-B905-B569895EE194}.Debug|Any CPU.Build.0 = Debug|Any CPU
		{B36B052B-3B3B-430A-B905-B569895EE194}.Release|Any CPU.ActiveCfg = Release|Any CPU
		{B36B052B-3B3B-430A-B905-B569895EE194}.Release|Any CPU.Build.0 = Release|Any CPU
		{43707132-9F94-40B4-A246-A1B73164907C}.Debug|Any CPU.ActiveCfg = Debug|Any CPU
		{43707132-9F94-40B4-A246-A1B73164907C}.Debug|Any CPU.Build.0 = Debug|Any CPU
		{43707132-9F94-40B4-A246-A1B73164907C}.Release|Any CPU.ActiveCfg = Release|Any CPU
		{43707132-9F94-40B4-A246-A1B73164907C}.Release|Any CPU.Build.0 = Release|Any CPU
		{1FB27F9D-850C-4B78-84CF-8A33C8BA421C}.Debug|Any CPU.ActiveCfg = Debug|Any CPU
		{1FB27F9D-850C-4B78-84CF-8A33C8BA421C}.Debug|Any CPU.Build.0 = Debug|Any CPU
		{1FB27F9D-850C-4B78-84CF-8A33C8BA421C}.Release|Any CPU.ActiveCfg = Release|Any CPU
		{1FB27F9D-850C-4B78-84CF-8A33C8BA421C}.Release|Any CPU.Build.0 = Release|Any CPU
		{F0501287-D2C6-46BF-969D-507A7B8022D4}.Debug|Any CPU.ActiveCfg = Debug|Any CPU
		{F0501287-D2C6-46BF-969D-507A7B8022D4}.Debug|Any CPU.Build.0 = Debug|Any CPU
		{F0501287-D2C6-46BF-969D-507A7B8022D4}.Release|Any CPU.ActiveCfg = Release|Any CPU
		{F0501287-D2C6-46BF-969D-507A7B8022D4}.Release|Any CPU.Build.0 = Release|Any CPU
		{7ED0352A-F470-4415-A24A-318A60ABC43E}.Debug|Any CPU.ActiveCfg = Debug|Any CPU
		{7ED0352A-F470-4415-A24A-318A60ABC43E}.Debug|Any CPU.Build.0 = Debug|Any CPU
		{7ED0352A-F470-4415-A24A-318A60ABC43E}.Release|Any CPU.ActiveCfg = Release|Any CPU
		{7ED0352A-F470-4415-A24A-318A60ABC43E}.Release|Any CPU.Build.0 = Release|Any CPU
		{C7BDD6EF-FC39-4D2E-84BC-1B812D21F14E}.Debug|Any CPU.ActiveCfg = Debug|Any CPU
		{C7BDD6EF-FC39-4D2E-84BC-1B812D21F14E}.Debug|Any CPU.Build.0 = Debug|Any CPU
		{C7BDD6EF-FC39-4D2E-84BC-1B812D21F14E}.Release|Any CPU.ActiveCfg = Release|Any CPU
		{C7BDD6EF-FC39-4D2E-84BC-1B812D21F14E}.Release|Any CPU.Build.0 = Release|Any CPU
		{7B9F7EC4-AB36-4F2E-AF30-A7CB3251BCB6}.Debug|Any CPU.ActiveCfg = Debug|Any CPU
		{7B9F7EC4-AB36-4F2E-AF30-A7CB3251BCB6}.Debug|Any CPU.Build.0 = Debug|Any CPU
		{7B9F7EC4-AB36-4F2E-AF30-A7CB3251BCB6}.Release|Any CPU.ActiveCfg = Release|Any CPU
		{7B9F7EC4-AB36-4F2E-AF30-A7CB3251BCB6}.Release|Any CPU.Build.0 = Release|Any CPU
		{E66ACF6F-11E0-4628-A126-F4440C54B291}.Debug|Any CPU.ActiveCfg = Debug|Any CPU
		{E66ACF6F-11E0-4628-A126-F4440C54B291}.Debug|Any CPU.Build.0 = Debug|Any CPU
		{E66ACF6F-11E0-4628-A126-F4440C54B291}.Release|Any CPU.ActiveCfg = Release|Any CPU
		{E66ACF6F-11E0-4628-A126-F4440C54B291}.Release|Any CPU.Build.0 = Release|Any CPU
		{9040999A-3831-48E2-91E3-0311F024A4C6}.Debug|Any CPU.ActiveCfg = Debug|Any CPU
		{9040999A-3831-48E2-91E3-0311F024A4C6}.Debug|Any CPU.Build.0 = Debug|Any CPU
		{9040999A-3831-48E2-91E3-0311F024A4C6}.Release|Any CPU.ActiveCfg = Release|Any CPU
		{9040999A-3831-48E2-91E3-0311F024A4C6}.Release|Any CPU.Build.0 = Release|Any CPU
		{C26569B5-024E-4325-B02D-9F1E228D2AC9}.Debug|Any CPU.ActiveCfg = Debug|Any CPU
		{C26569B5-024E-4325-B02D-9F1E228D2AC9}.Debug|Any CPU.Build.0 = Debug|Any CPU
		{C26569B5-024E-4325-B02D-9F1E228D2AC9}.Release|Any CPU.ActiveCfg = Release|Any CPU
		{C26569B5-024E-4325-B02D-9F1E228D2AC9}.Release|Any CPU.Build.0 = Release|Any CPU
		{17E2CC11-01AC-4588-B87C-AF03B0F267CF}.Debug|Any CPU.ActiveCfg = Debug|Any CPU
		{17E2CC11-01AC-4588-B87C-AF03B0F267CF}.Debug|Any CPU.Build.0 = Debug|Any CPU
		{17E2CC11-01AC-4588-B87C-AF03B0F267CF}.Release|Any CPU.ActiveCfg = Release|Any CPU
		{17E2CC11-01AC-4588-B87C-AF03B0F267CF}.Release|Any CPU.Build.0 = Release|Any CPU
		{33E6FCC9-42C2-4792-BBEE-8C58F15B3EA0}.Debug|Any CPU.ActiveCfg = Debug|Any CPU
		{33E6FCC9-42C2-4792-BBEE-8C58F15B3EA0}.Debug|Any CPU.Build.0 = Debug|Any CPU
		{33E6FCC9-42C2-4792-BBEE-8C58F15B3EA0}.Release|Any CPU.ActiveCfg = Release|Any CPU
		{33E6FCC9-42C2-4792-BBEE-8C58F15B3EA0}.Release|Any CPU.Build.0 = Release|Any CPU
		{A76D0341-9530-42EC-ACC2-721B786AF4FA}.Debug|Any CPU.ActiveCfg = Debug|Any CPU
		{A76D0341-9530-42EC-ACC2-721B786AF4FA}.Debug|Any CPU.Build.0 = Debug|Any CPU
		{A76D0341-9530-42EC-ACC2-721B786AF4FA}.Release|Any CPU.ActiveCfg = Release|Any CPU
		{A76D0341-9530-42EC-ACC2-721B786AF4FA}.Release|Any CPU.Build.0 = Release|Any CPU
		{5747289E-8CA2-4B5A-9B99-5F691C2E1C6B}.Debug|Any CPU.ActiveCfg = Debug|Any CPU
		{5747289E-8CA2-4B5A-9B99-5F691C2E1C6B}.Debug|Any CPU.Build.0 = Debug|Any CPU
		{5747289E-8CA2-4B5A-9B99-5F691C2E1C6B}.Release|Any CPU.ActiveCfg = Release|Any CPU
		{5747289E-8CA2-4B5A-9B99-5F691C2E1C6B}.Release|Any CPU.Build.0 = Release|Any CPU
		{61274003-C8B7-4677-B11D-2641CD2BC428}.Debug|Any CPU.ActiveCfg = Debug|Any CPU
		{61274003-C8B7-4677-B11D-2641CD2BC428}.Debug|Any CPU.Build.0 = Debug|Any CPU
		{61274003-C8B7-4677-B11D-2641CD2BC428}.Release|Any CPU.ActiveCfg = Release|Any CPU
		{61274003-C8B7-4677-B11D-2641CD2BC428}.Release|Any CPU.Build.0 = Release|Any CPU
		{E69D3031-B38B-4C33-9850-205BE1142813}.Debug|Any CPU.ActiveCfg = Debug|Any CPU
		{E69D3031-B38B-4C33-9850-205BE1142813}.Debug|Any CPU.Build.0 = Debug|Any CPU
		{E69D3031-B38B-4C33-9850-205BE1142813}.Release|Any CPU.ActiveCfg = Release|Any CPU
		{E69D3031-B38B-4C33-9850-205BE1142813}.Release|Any CPU.Build.0 = Release|Any CPU
		{4AF7E00F-81C3-46D8-9C36-5B1BA547AAEE}.Debug|Any CPU.ActiveCfg = Debug|Any CPU
		{4AF7E00F-81C3-46D8-9C36-5B1BA547AAEE}.Debug|Any CPU.Build.0 = Debug|Any CPU
		{4AF7E00F-81C3-46D8-9C36-5B1BA547AAEE}.Release|Any CPU.ActiveCfg = Release|Any CPU
		{4AF7E00F-81C3-46D8-9C36-5B1BA547AAEE}.Release|Any CPU.Build.0 = Release|Any CPU
		{8106BA10-7AF7-4D8D-A495-888F4539399B}.Debug|Any CPU.ActiveCfg = Debug|Any CPU
		{8106BA10-7AF7-4D8D-A495-888F4539399B}.Debug|Any CPU.Build.0 = Debug|Any CPU
		{8106BA10-7AF7-4D8D-A495-888F4539399B}.Release|Any CPU.ActiveCfg = Release|Any CPU
		{8106BA10-7AF7-4D8D-A495-888F4539399B}.Release|Any CPU.Build.0 = Release|Any CPU
	EndGlobalSection
	GlobalSection(NestedProjects) = preSolution
		{9CC5FFEF-0E29-444C-9708-49AC9A5DECE0} = {B45B3315-8CFB-41F0-B8EE-8F9AE7274C80}
		{B36B052B-3B3B-430A-B905-B569895EE194} = {473583FF-2534-44CB-860E-958456FADDBF}
		{1FB27F9D-850C-4B78-84CF-8A33C8BA421C} = {473583FF-2534-44CB-860E-958456FADDBF}
		{43707132-9F94-40B4-A246-A1B73164907C} = {473583FF-2534-44CB-860E-958456FADDBF}
		{F0501287-D2C6-46BF-969D-507A7B8022D4} = {D8E442A4-91A7-48BD-9200-6B396880367F}
		{7ED0352A-F470-4415-A24A-318A60ABC43E} = {C466F6EA-3992-4BA7-9D0D-C26415DD6384}
		{C7BDD6EF-FC39-4D2E-84BC-1B812D21F14E} = {C466F6EA-3992-4BA7-9D0D-C26415DD6384}
		{7B9F7EC4-AB36-4F2E-AF30-A7CB3251BCB6} = {C466F6EA-3992-4BA7-9D0D-C26415DD6384}
		{E66ACF6F-11E0-4628-A126-F4440C54B291} = {7E621F39-9E01-441B-A7CA-D7EF40F01962}
		{9040999A-3831-48E2-91E3-0311F024A4C6} = {2B54F712-87D5-4C62-8E4D-E50FFBE9D4B8}
		{C26569B5-024E-4325-B02D-9F1E228D2AC9} = {D0A5F757-2764-4D39-BD9F-B3406DC80058}
		{17E2CC11-01AC-4588-B87C-AF03B0F267CF} = {D0A5F757-2764-4D39-BD9F-B3406DC80058}
		{33E6FCC9-42C2-4792-BBEE-8C58F15B3EA0} = {D0A5F757-2764-4D39-BD9F-B3406DC80058}
		{A76D0341-9530-42EC-ACC2-721B786AF4FA} = {5FAF2A4E-6626-4C30-8D7E-71EFC6632D9D}
		{5747289E-8CA2-4B5A-9B99-5F691C2E1C6B} = {5FAF2A4E-6626-4C30-8D7E-71EFC6632D9D}
		{61274003-C8B7-4677-B11D-2641CD2BC428} = {5FAF2A4E-6626-4C30-8D7E-71EFC6632D9D}
		{E69D3031-B38B-4C33-9850-205BE1142813} = {4561FB71-78B1-4023-AA24-24F2F3471124}
		{4AF7E00F-81C3-46D8-9C36-5B1BA547AAEE} = {5FAF2A4E-6626-4C30-8D7E-71EFC6632D9D}
		{8106BA10-7AF7-4D8D-A495-888F4539399B} = {5FAF2A4E-6626-4C30-8D7E-71EFC6632D9D}
	EndGlobalSection
EndGlobal
